hash: dac73c3dc483dddd4958fe70a6e32a062f821c5b6a873ca4f7c542520be9a452
updated: 2017-05-19T17:28:10.081143972+08:00
imports:
- name: github.com/armon/go-radix
  version: 4239b77079c7b5d1243b7b4736304ce8ddb6f0f2
- name: github.com/bgentry/speakeasy
  version: 4aabc24848ce5fd31929f7d1e4ea74d3709c14cd
- name: github.com/fsnotify/fsnotify
  version: 4da3e2cfbabc9f751898f250b49f2439785783a1
- name: github.com/golang/protobuf
  version: fec3b39b059c0f88fa6b20f5ed012b1aa203a8b4
  subpackages:
  - proto
  - ptypes
  - ptypes/any
  - ptypes/duration
  - ptypes/timestamp
- name: github.com/hashicorp/hcl
  version: 392dba7d905ed5d04a5794ba89f558b27e2ba1ca
  subpackages:
  - hcl/ast
  - hcl/parser
  - hcl/scanner
  - hcl/strconv
  - hcl/token
  - json/parser
  - json/scanner
  - json/token
- name: github.com/lestrrat/go-file-rotatelogs
  version: ab335c655133cea61d8164853c1ed0e97d6c77cb
- name: github.com/magiconair/properties
  version: 51463bfca2576e06c62a8504b5c0f06d61312647
- name: github.com/mattn/go-isatty
  version: fc9e8d8ef48496124e79ae0df75490096eccf6fe
- name: github.com/mitchellh/cli
  version: ee8578a9c12a5bb9d55303b9665cc448772c81b8
- name: github.com/mitchellh/mapstructure
  version: cc8532a8e9a55ea36402aa21efdf403a60d34096
- name: github.com/pelletier/go-buffruneio
  version: c37440a7cf42ac63b919c752ca73a85067e05992
- name: github.com/pelletier/go-toml
  version: 685a1f1cb7a66b9cadbe8f1ac49d9f8f567d6a9d
- name: github.com/rifflock/lfshook
  version: 2adb3e0c4ddd8778c4adde609d2dfd4fbe6096ea
- name: github.com/Sirupsen/logrus
  version: ba1b36c82c5e05c4f912a88eab0dcd91a171688f
- name: github.com/spf13/afero
  version: 9be650865eab0c12963d8753212f4f9c66cdcf12
  subpackages:
  - mem
- name: github.com/spf13/cast
  version: acbeb36b902d72a7a4c18e8f3241075e7ab763e4
- name: github.com/spf13/jwalterweatherman
  version: 8f07c835e5cc1450c082fe3a439cf87b0cbb2d99
- name: github.com/spf13/pflag
  version: e57e3eeb33f795204c1ca35f56c44f83227c6e66
- name: github.com/spf13/viper
  version: 0967fc9aceab2ce9da34061253ac10fb99bba5b2
- name: golang.org/x/net
  version: 84f0e6f92b10139f986b1756e149a7d9de270cdc
  subpackages:
  - context
  - http2
  - http2/hpack
  - idna
  - internal/timeseries
  - lex/httplex
  - trace
- name: golang.org/x/sys
  version: f845067cf72a21fb4929b0e6a35273bd83b56396
  subpackages:
  - unix
- name: golang.org/x/text
  version: 19e51611da83d6be54ddafce4a4af510cb3e9ea4
  subpackages:
  - secure/bidirule
  - transform
  - unicode/bidi
  - unicode/norm
- name: google.golang.org/genproto
  version: 411e09b969b1170a9f0c467558eb4c4c110d9c77
  subpackages:
  - googleapis/rpc/status
- name: google.golang.org/grpc
  version: d2e1b51f33ff8c5e4a15560ff049d200e83726c5
  subpackages:
  - codes
  - credentials
  - grpclb/grpc_lb_v1
  - grpclog
  - internal
  - keepalive
  - metadata
  - naming
  - peer
  - stats
  - status
  - tap
  - transport
- name: gopkg.in/yaml.v2
  version: cd8b52f8269e0feb286dfeef29f8fe4d5b397e0b
testImports: []
